Microsoft Visual Studio Solution File, Format Version 12.00
# Visual Studio 14
VisualStudioVersion = 14.0.25420.1
MinimumVisualStudioVersion = 10.0.40219.1
Project("{2150E333-8FDC-42A3-9474-1A3956D46DE8}") = "Clients", "Clients", "{A0000001-0000-0000-0000-000000000001}"
EndProject
Project("{2150E333-8FDC-42A3-9474-1A3956D46DE8}") = "Native", "Native", "{7E0E6C20-7D3A-4B5A-93FB-1D5B59C1A100}"
EndProject
Project("{2150E333-8FDC-42A3-9474-1A3956D46DE8}") = "Managed", "Managed", "{A0000002-0000-0000-0000-000000000002}"
EndProject
Project("{2150E333-8FDC-42A3-9474-1A3956D46DE8}") = "Infrastructure", "Infrastructure", "{A0000003-0000-0000-0000-000000000003}"
EndProject
Project("{2150E333-8FDC-42A3-9474-1A3956D46DE8}") = "Contexts", "Contexts", "{A0000004-0000-0000-0000-000000000004}"
EndProject
Project("{8BC9CEB8-8B4A-11D0-8D11-00A0C91BC942}") = "Vianium.Core.Kernel", "..\vianium-kernel\Vianium.Core.Kernel.vcxproj", "{C9D0E1F2-A3B4-4C5D-6E7F-8A9B0C1D2E3F}"
EndProject
Project("{8BC9CEB8-8B4A-11D0-8D11-00A0C91BC942}") = "Vianium.Core.Tls", "..\vianium-tls\Vianium.Core.Tls.vcxproj", "{B8C9D0E1-F2A3-4B4C-5D6E-7F8A9B0C1D2E}"
EndProject
Project("{8BC9CEB8-8B4A-11D0-8D11-00A0C91BC942}") = "Vianium.Core.Http", "..\vianium-http\Vianium.Core.Http.vcxproj", "{F6A7B8C9-D0E1-4F2A-3B4C-5D6E7F8A9B0C}"
EndProject
Project("{8BC9CEB8-8B4A-11D0-8D11-00A0C91BC942}") = "Vianium.Core.Net", "..\vianium-net\Vianium.Core.Net.vcxproj", "{C7D8E9F0-A1B2-4C3D-5E6F-7A8B9C0D1E2F}"
EndProject
Project("{8BC9CEB8-8B4A-11D0-8D11-00A0C91BC942}") = "Vianium.MTProto", "..\vianium-mtproto\Vianium.MTProto.vcxproj", "{D3E4F5A6-B7C8-4D9E-9F01-A3B4C5D6E7F8}"
EndProject
Project("{8BC9CEB8-8B4A-11D0-8D11-00A0C91BC942}") = "Vianium.Tl", "..\vianium-mtproto\Vianium.Tl.vcxproj", "{D2E3F4A5-B6C7-4D8E-9F01-A2B3C4D5E6F7}"
EndProject
Project("{8BC9CEB8-8B4A-11D0-8D11-00A0C91BC942}") = "VianiumVoIP", "..\vianium-voip\VianiumVoIP.vcxproj", "{E5F6A7B8-C9DA-4DBE-9F24-D6E7F8A9BBC1}"
EndProject
Project("{8BC9CEB8-8B4A-11D0-8D11-00A0C91BC942}") = "Vianium.Tgcalls", "..\vianium-voip\Vianium.Tgcalls.vcxproj", "{F7A8B9C0-D1E2-4F3A-9B0C-1D2E3F4A5B6C}"
EndProject
Project("{8BC9CEB8-8B4A-11D0-8D11-00A0C91BC942}") = "libtgvoip", "..\vianium-voip\third_party\libtgvoip\libtgvoip.vcxproj", "{D6E7F8A9-B0CB-4ECF-D034-E7F8A9BBCC1D}"
EndProject
Project("{8BC9CEB8-8B4A-11D0-8D11-00A0C91BC942}") = "Vianium.Core.Crypto", "..\vianium-crypto\Vianium.Core.Crypto.vcxproj", "{D1E2F3A4-B5C6-4D7E-8F9A-0B1C2D3E4F5A}"
EndProject
Project("{8BC9CEB8-8B4A-11D0-8D11-00A0C91BC942}") = "Vianium.Core.Crypto.WinRT", "..\vianium-crypto\winrt\Vianium.Core.Crypto.WinRT.vcxproj", "{B1C2D3E4-F5A6-47B8-9C0D-1E2F3A4B5C6D}"
EndProject
Project("{8BC9CEB8-8B4A-11D0-8D11-00A0C91BC942}") = "Vianium.MtProxy", "..\vianium-mtproxy\Vianium.MtProxy.vcxproj", "{C8D9E0F1-A2B3-4C4D-5E6F-7A8B9C0D1E2F}"
EndProject
Project("{FAE04EC0-301F-11D3-BF4B-00C04F79EFBC}") = "Vianium.Browser.Kernel", "..\vianium-managed-kernel\Vianium.Browser.Kernel.csproj", "{8AAE0001-0000-0000-0000-000000000001}"
EndProject
Project("{FAE04EC0-301F-11D3-BF4B-00C04F79EFBC}") = "Vianigram.Kernel", "Core\Vianigram.Kernel\Vianigram.Kernel.csproj", "{9A1B2C3D-0001-4001-8000-000000000001}"
EndProject
Project("{FAE04EC0-301F-11D3-BF4B-00C04F79EFBC}") = "Vianigram.Composition", "Core\Vianigram.Composition\Vianigram.Composition.csproj", "{9A1B2C3D-0002-4002-8000-000000000002}"
EndProject
Project("{FAE04EC0-301F-11D3-BF4B-00C04F79EFBC}") = "Vianigram.SmokeTests", "Clients\Vianigram.SmokeTests\Vianigram.SmokeTests.csproj", "{E1F2A3B4-C5D6-4E7F-8901-A2B3C4D5E6F0}"
EndProject
Project("{FAE04EC0-301F-11D3-BF4B-00C04F79EFBC}") = "Vianigram.SmokeRunner.App", "Clients\Vianigram.SmokeRunner.App\Vianigram.SmokeRunner.App.csproj", "{F1A2B3C4-D5E6-4F70-8901-A2B3C4D5E6F1}"
EndProject
Project("{FAE04EC0-301F-11D3-BF4B-00C04F79EFBC}") = "Vianigram.Account", "Core\Vianigram.Account\Vianigram.Account.csproj", "{B1C2D3E4-F5A6-4B7C-8D90-E1F2A3B4C5D6}"
EndProject
Project("{FAE04EC0-301F-11D3-BF4B-00C04F79EFBC}") = "Vianigram.Chats", "Core\Vianigram.Chats\Vianigram.Chats.csproj", "{B2C3D4E5-F6A7-4B8C-9D01-E2F3A4B5C6D7}"
EndProject
Project("{FAE04EC0-301F-11D3-BF4B-00C04F79EFBC}") = "Vianigram.Messages", "Core\Vianigram.Messages\Vianigram.Messages.csproj", "{B3C4D5E6-F7A8-4B9C-AD01-E3F4A5B6C7D8}"
EndProject
Project("{FAE04EC0-301F-11D3-BF4B-00C04F79EFBC}") = "Vianigram.Sync", "Core\Vianigram.Sync\Vianigram.Sync.csproj", "{B4C5D6E7-F8A9-4BAC-BE01-E4F5A6B7C8D9}"
EndProject
Project("{FAE04EC0-301F-11D3-BF4B-00C04F79EFBC}") = "Vianigram.Storage", "Core\Vianigram.Storage\Vianigram.Storage.csproj", "{B5C6D7E8-F9AA-4BBD-CF01-E5F6A7B8C9DA}"
EndProject
Project("{FAE04EC0-301F-11D3-BF4B-00C04F79EFBC}") = "Vianigram.App", "Clients\Vianigram.App\Vianigram.App.csproj", "{C1D2E3F4-A5B6-4C7D-AE01-F1A2B3C4D5E6}"
EndProject
Project("{FAE04EC0-301F-11D3-BF4B-00C04F79EFBC}") = "Vianigram.App.BackgroundTasks", "Clients\Vianigram.App.BackgroundTasks\Vianigram.App.BackgroundTasks.csproj", "{D1A2B3C4-E5F6-4789-A012-B3C4D5E6F701}"
EndProject
Project("{FAE04EC0-301F-11D3-BF4B-00C04F79EFBC}") = "Vianigram.Contacts", "Core\Vianigram.Contacts\Vianigram.Contacts.csproj", "{B6C7D8E9-FAAB-4CCD-DF02-F6A7B8C9DAEB}"
EndProject
Project("{FAE04EC0-301F-11D3-BF4B-00C04F79EFBC}") = "Vianigram.Media", "Core\Vianigram.Media\Vianigram.Media.csproj", "{B7C8D9EA-FBAC-4DDE-EF03-A7B8C9DAEBFC}"
EndProject
Project("{8BC9CEB8-8B4A-11D0-8D11-00A0C91BC942}") = "Vianigram.Core.Media", "Core\Vianigram.Core.Media\Vianigram.Core.Media.vcxproj", "{D4E5F6A7-B8C9-4DAE-AF12-B4C5D6E7F8AA}"
EndProject
Project("{FAE04EC0-301F-11D3-BF4B-00C04F79EFBC}") = "Vianigram.Stickers", "Core\Vianigram.Stickers\Vianigram.Stickers.csproj", "{B8C9D0EB-0BBD-4EEF-F004-B8C9DAEBFCAD}"
EndProject
Project("{FAE04EC0-301F-11D3-BF4B-00C04F79EFBC}") = "Vianigram.SecretChats", "Core\Vianigram.SecretChats\Vianigram.SecretChats.csproj", "{B9CAD1EC-1CCE-4FFA-A005-C9DAEBFCADBE}"
EndProject
Project("{FAE04EC0-301F-11D3-BF4B-00C04F79EFBC}") = "Vianigram.Calls", "Core\Vianigram.Calls\Vianigram.Calls.csproj", "{BACBE2ED-2DDF-4FFB-B106-DAEBFCADBECF}"
EndProject
Project("{FAE04EC0-301F-11D3-BF4B-00C04F79EFBC}") = "Vianigram.Notifications", "Core\Vianigram.Notifications\Vianigram.Notifications.csproj", "{C0DBE2FE-3EE0-4F0C-C107-EBFCADBECFD0}"
EndProject
Project("{FAE04EC0-301F-11D3-BF4B-00C04F79EFBC}") = "Vianigram.Settings", "Core\Vianigram.Settings\Vianigram.Settings.csproj", "{C1DCF300-4FF1-4F1D-D208-FCADBECFD0E1}"
EndProject
Project("{FAE04EC0-301F-11D3-BF4B-00C04F79EFBC}") = "Vianigram.Search", "Core\Vianigram.Search\Vianigram.Search.csproj", "{C2EDF411-50F2-4F2E-E309-CADBECFD0E1F}"
EndProject
Project("{FAE04EC0-301F-11D3-BF4B-00C04F79EFBC}") = "Vianigram.Privacy", "Core\Vianigram.Privacy\Vianigram.Privacy.csproj", "{C3FE0522-61F3-4F3F-F40A-DBECFD0E1F20}"
EndProject
Global
	GlobalSection(SolutionConfigurationPlatforms) = preSolution
		Debug|ARM = Debug|ARM
		Debug|x86 = Debug|x86
		Release|ARM = Release|ARM
		Release|x86 = Release|x86
	EndGlobalSection
	GlobalSection(ProjectConfigurationPlatforms) = postSolution
		{C9D0E1F2-A3B4-4C5D-6E7F-8A9B0C1D2E3F}.Debug|ARM.ActiveCfg = Debug|ARM
		{C9D0E1F2-A3B4-4C5D-6E7F-8A9B0C1D2E3F}.Debug|ARM.Build.0 = Debug|ARM
		{C9D0E1F2-A3B4-4C5D-6E7F-8A9B0C1D2E3F}.Debug|x86.ActiveCfg = Debug|Win32
		{C9D0E1F2-A3B4-4C5D-6E7F-8A9B0C1D2E3F}.Debug|x86.Build.0 = Debug|Win32
		{C9D0E1F2-A3B4-4C5D-6E7F-8A9B0C1D2E3F}.Release|ARM.ActiveCfg = Release|ARM
		{C9D0E1F2-A3B4-4C5D-6E7F-8A9B0C1D2E3F}.Release|ARM.Build.0 = Release|ARM
		{C9D0E1F2-A3B4-4C5D-6E7F-8A9B0C1D2E3F}.Release|x86.ActiveCfg = Release|Win32
		{C9D0E1F2-A3B4-4C5D-6E7F-8A9B0C1D2E3F}.Release|x86.Build.0 = Release|Win32
		{B8C9D0E1-F2A3-4B4C-5D6E-7F8A9B0C1D2E}.Debug|ARM.ActiveCfg = Debug|ARM
		{B8C9D0E1-F2A3-4B4C-5D6E-7F8A9B0C1D2E}.Debug|ARM.Build.0 = Debug|ARM
		{B8C9D0E1-F2A3-4B4C-5D6E-7F8A9B0C1D2E}.Debug|x86.ActiveCfg = Debug|Win32
		{B8C9D0E1-F2A3-4B4C-5D6E-7F8A9B0C1D2E}.Debug|x86.Build.0 = Debug|Win32
		{B8C9D0E1-F2A3-4B4C-5D6E-7F8A9B0C1D2E}.Release|ARM.ActiveCfg = Release|ARM
		{B8C9D0E1-F2A3-4B4C-5D6E-7F8A9B0C1D2E}.Release|ARM.Build.0 = Release|ARM
		{B8C9D0E1-F2A3-4B4C-5D6E-7F8A9B0C1D2E}.Release|x86.ActiveCfg = Release|Win32
		{B8C9D0E1-F2A3-4B4C-5D6E-7F8A9B0C1D2E}.Release|x86.Build.0 = Release|Win32
		{F6A7B8C9-D0E1-4F2A-3B4C-5D6E7F8A9B0C}.Debug|ARM.ActiveCfg = Debug|ARM
		{F6A7B8C9-D0E1-4F2A-3B4C-5D6E7F8A9B0C}.Debug|ARM.Build.0 = Debug|ARM
		{F6A7B8C9-D0E1-4F2A-3B4C-5D6E7F8A9B0C}.Debug|x86.ActiveCfg = Debug|Win32
		{F6A7B8C9-D0E1-4F2A-3B4C-5D6E7F8A9B0C}.Debug|x86.Build.0 = Debug|Win32
		{F6A7B8C9-D0E1-4F2A-3B4C-5D6E7F8A9B0C}.Release|ARM.ActiveCfg = Release|ARM
		{F6A7B8C9-D0E1-4F2A-3B4C-5D6E7F8A9B0C}.Release|ARM.Build.0 = Release|ARM
		{F6A7B8C9-D0E1-4F2A-3B4C-5D6E7F8A9B0C}.Release|x86.ActiveCfg = Release|Win32
		{F6A7B8C9-D0E1-4F2A-3B4C-5D6E7F8A9B0C}.Release|x86.Build.0 = Release|Win32
		{C7D8E9F0-A1B2-4C3D-5E6F-7A8B9C0D1E2F}.Debug|ARM.ActiveCfg = Debug|ARM
		{C7D8E9F0-A1B2-4C3D-5E6F-7A8B9C0D1E2F}.Debug|ARM.Build.0 = Debug|ARM
		{C7D8E9F0-A1B2-4C3D-5E6F-7A8B9C0D1E2F}.Debug|x86.ActiveCfg = Debug|Win32
		{C7D8E9F0-A1B2-4C3D-5E6F-7A8B9C0D1E2F}.Debug|x86.Build.0 = Debug|Win32
		{C7D8E9F0-A1B2-4C3D-5E6F-7A8B9C0D1E2F}.Release|ARM.ActiveCfg = Release|ARM
		{C7D8E9F0-A1B2-4C3D-5E6F-7A8B9C0D1E2F}.Release|ARM.Build.0 = Release|ARM
		{C7D8E9F0-A1B2-4C3D-5E6F-7A8B9C0D1E2F}.Release|x86.ActiveCfg = Release|Win32
		{C7D8E9F0-A1B2-4C3D-5E6F-7A8B9C0D1E2F}.Release|x86.Build.0 = Release|Win32
		{9A1B2C3D-0001-4001-8000-000000000001}.Debug|ARM.ActiveCfg = Debug|ARM
		{9A1B2C3D-0001-4001-8000-000000000001}.Debug|ARM.Build.0 = Debug|ARM
		{9A1B2C3D-0001-4001-8000-000000000001}.Debug|x86.ActiveCfg = Debug|x86
		{9A1B2C3D-0001-4001-8000-000000000001}.Debug|x86.Build.0 = Debug|x86
		{9A1B2C3D-0001-4001-8000-000000000001}.Release|ARM.ActiveCfg = Release|ARM
		{9A1B2C3D-0001-4001-8000-000000000001}.Release|ARM.Build.0 = Release|ARM
		{9A1B2C3D-0001-4001-8000-000000000001}.Release|x86.ActiveCfg = Release|x86
		{9A1B2C3D-0001-4001-8000-000000000001}.Release|x86.Build.0 = Release|x86
		{9A1B2C3D-0002-4002-8000-000000000002}.Debug|ARM.ActiveCfg = Debug|ARM
		{9A1B2C3D-0002-4002-8000-000000000002}.Debug|ARM.Build.0 = Debug|ARM
		{9A1B2C3D-0002-4002-8000-000000000002}.Debug|x86.ActiveCfg = Debug|x86
		{9A1B2C3D-0002-4002-8000-000000000002}.Debug|x86.Build.0 = Debug|x86
		{9A1B2C3D-0002-4002-8000-000000000002}.Release|ARM.ActiveCfg = Release|ARM
		{9A1B2C3D-0002-4002-8000-000000000002}.Release|ARM.Build.0 = Release|ARM
		{9A1B2C3D-0002-4002-8000-000000000002}.Release|x86.ActiveCfg = Release|x86
		{9A1B2C3D-0002-4002-8000-000000000002}.Release|x86.Build.0 = Release|x86
		{D3E4F5A6-B7C8-4D9E-9F01-A3B4C5D6E7F8}.Debug|ARM.ActiveCfg = Debug|ARM
		{D3E4F5A6-B7C8-4D9E-9F01-A3B4C5D6E7F8}.Debug|ARM.Build.0 = Debug|ARM
		{D3E4F5A6-B7C8-4D9E-9F01-A3B4C5D6E7F8}.Debug|x86.ActiveCfg = Debug|Win32
		{D3E4F5A6-B7C8-4D9E-9F01-A3B4C5D6E7F8}.Debug|x86.Build.0 = Debug|Win32
		{D3E4F5A6-B7C8-4D9E-9F01-A3B4C5D6E7F8}.Release|ARM.ActiveCfg = Release|ARM
		{D3E4F5A6-B7C8-4D9E-9F01-A3B4C5D6E7F8}.Release|ARM.Build.0 = Release|ARM
		{D3E4F5A6-B7C8-4D9E-9F01-A3B4C5D6E7F8}.Release|x86.ActiveCfg = Release|Win32
		{D3E4F5A6-B7C8-4D9E-9F01-A3B4C5D6E7F8}.Release|x86.Build.0 = Release|Win32
		{D2E3F4A5-B6C7-4D8E-9F01-A2B3C4D5E6F7}.Debug|ARM.ActiveCfg = Debug|ARM
		{D2E3F4A5-B6C7-4D8E-9F01-A2B3C4D5E6F7}.Debug|ARM.Build.0 = Debug|ARM
		{D2E3F4A5-B6C7-4D8E-9F01-A2B3C4D5E6F7}.Debug|x86.ActiveCfg = Debug|Win32
		{D2E3F4A5-B6C7-4D8E-9F01-A2B3C4D5E6F7}.Debug|x86.Build.0 = Debug|Win32
		{D2E3F4A5-B6C7-4D8E-9F01-A2B3C4D5E6F7}.Release|ARM.ActiveCfg = Release|ARM
		{D2E3F4A5-B6C7-4D8E-9F01-A2B3C4D5E6F7}.Release|ARM.Build.0 = Release|ARM
		{D2E3F4A5-B6C7-4D8E-9F01-A2B3C4D5E6F7}.Release|x86.ActiveCfg = Release|Win32
		{D2E3F4A5-B6C7-4D8E-9F01-A2B3C4D5E6F7}.Release|x86.Build.0 = Release|Win32
		{E5F6A7B8-C9DA-4DBE-9F24-D6E7F8A9BBC1}.Debug|ARM.ActiveCfg = Debug|ARM
		{E5F6A7B8-C9DA-4DBE-9F24-D6E7F8A9BBC1}.Debug|ARM.Build.0 = Debug|ARM
		{E5F6A7B8-C9DA-4DBE-9F24-D6E7F8A9BBC1}.Debug|x86.ActiveCfg = Debug|Win32
		{E5F6A7B8-C9DA-4DBE-9F24-D6E7F8A9BBC1}.Debug|x86.Build.0 = Debug|Win32
		{E5F6A7B8-C9DA-4DBE-9F24-D6E7F8A9BBC1}.Release|ARM.ActiveCfg = Release|ARM
		{E5F6A7B8-C9DA-4DBE-9F24-D6E7F8A9BBC1}.Release|ARM.Build.0 = Release|ARM
		{E5F6A7B8-C9DA-4DBE-9F24-D6E7F8A9BBC1}.Release|x86.ActiveCfg = Release|Win32
		{E5F6A7B8-C9DA-4DBE-9F24-D6E7F8A9BBC1}.Release|x86.Build.0 = Release|Win32
		{F7A8B9C0-D1E2-4F3A-9B0C-1D2E3F4A5B6C}.Debug|ARM.ActiveCfg = Debug|ARM
		{F7A8B9C0-D1E2-4F3A-9B0C-1D2E3F4A5B6C}.Debug|ARM.Build.0 = Debug|ARM
		{F7A8B9C0-D1E2-4F3A-9B0C-1D2E3F4A5B6C}.Debug|x86.ActiveCfg = Debug|Win32
		{F7A8B9C0-D1E2-4F3A-9B0C-1D2E3F4A5B6C}.Debug|x86.Build.0 = Debug|Win32
		{F7A8B9C0-D1E2-4F3A-9B0C-1D2E3F4A5B6C}.Release|ARM.ActiveCfg = Release|ARM
		{F7A8B9C0-D1E2-4F3A-9B0C-1D2E3F4A5B6C}.Release|ARM.Build.0 = Release|ARM
		{F7A8B9C0-D1E2-4F3A-9B0C-1D2E3F4A5B6C}.Release|x86.ActiveCfg = Release|Win32
		{F7A8B9C0-D1E2-4F3A-9B0C-1D2E3F4A5B6C}.Release|x86.Build.0 = Release|Win32
		{D6E7F8A9-B0CB-4ECF-D034-E7F8A9BBCC1D}.Debug|ARM.ActiveCfg = Debug|ARM
		{D6E7F8A9-B0CB-4ECF-D034-E7F8A9BBCC1D}.Debug|ARM.Build.0 = Debug|ARM
		{D6E7F8A9-B0CB-4ECF-D034-E7F8A9BBCC1D}.Debug|x86.ActiveCfg = Debug|Win32
		{D6E7F8A9-B0CB-4ECF-D034-E7F8A9BBCC1D}.Debug|x86.Build.0 = Debug|Win32
		{D6E7F8A9-B0CB-4ECF-D034-E7F8A9BBCC1D}.Release|ARM.ActiveCfg = Release|ARM
		{D6E7F8A9-B0CB-4ECF-D034-E7F8A9BBCC1D}.Release|ARM.Build.0 = Release|ARM
		{D6E7F8A9-B0CB-4ECF-D034-E7F8A9BBCC1D}.Release|x86.ActiveCfg = Release|Win32
		{D6E7F8A9-B0CB-4ECF-D034-E7F8A9BBCC1D}.Release|x86.Build.0 = Release|Win32
		{D1E2F3A4-B5C6-4D7E-8F9A-0B1C2D3E4F5A}.Debug|ARM.ActiveCfg = Debug|ARM
		{D1E2F3A4-B5C6-4D7E-8F9A-0B1C2D3E4F5A}.Debug|ARM.Build.0 = Debug|ARM
		{D1E2F3A4-B5C6-4D7E-8F9A-0B1C2D3E4F5A}.Debug|x86.ActiveCfg = Debug|Win32
		{D1E2F3A4-B5C6-4D7E-8F9A-0B1C2D3E4F5A}.Debug|x86.Build.0 = Debug|Win32
		{D1E2F3A4-B5C6-4D7E-8F9A-0B1C2D3E4F5A}.Release|ARM.ActiveCfg = Release|ARM
		{D1E2F3A4-B5C6-4D7E-8F9A-0B1C2D3E4F5A}.Release|ARM.Build.0 = Release|ARM
		{D1E2F3A4-B5C6-4D7E-8F9A-0B1C2D3E4F5A}.Release|x86.ActiveCfg = Release|Win32
		{D1E2F3A4-B5C6-4D7E-8F9A-0B1C2D3E4F5A}.Release|x86.Build.0 = Release|Win32
		{C8D9E0F1-A2B3-4C4D-5E6F-7A8B9C0D1E2F}.Debug|ARM.ActiveCfg = Debug|ARM
		{C8D9E0F1-A2B3-4C4D-5E6F-7A8B9C0D1E2F}.Debug|ARM.Build.0 = Debug|ARM
		{C8D9E0F1-A2B3-4C4D-5E6F-7A8B9C0D1E2F}.Debug|x86.ActiveCfg = Debug|Win32
		{C8D9E0F1-A2B3-4C4D-5E6F-7A8B9C0D1E2F}.Debug|x86.Build.0 = Debug|Win32
		{C8D9E0F1-A2B3-4C4D-5E6F-7A8B9C0D1E2F}.Release|ARM.ActiveCfg = Release|ARM
		{C8D9E0F1-A2B3-4C4D-5E6F-7A8B9C0D1E2F}.Release|ARM.Build.0 = Release|ARM
		{C8D9E0F1-A2B3-4C4D-5E6F-7A8B9C0D1E2F}.Release|x86.ActiveCfg = Release|Win32
		{C8D9E0F1-A2B3-4C4D-5E6F-7A8B9C0D1E2F}.Release|x86.Build.0 = Release|Win32
		{B1C2D3E4-F5A6-47B8-9C0D-1E2F3A4B5C6D}.Debug|ARM.ActiveCfg = Debug|ARM
		{B1C2D3E4-F5A6-47B8-9C0D-1E2F3A4B5C6D}.Debug|ARM.Build.0 = Debug|ARM
		{B1C2D3E4-F5A6-47B8-9C0D-1E2F3A4B5C6D}.Debug|x86.ActiveCfg = Debug|Win32
		{B1C2D3E4-F5A6-47B8-9C0D-1E2F3A4B5C6D}.Debug|x86.Build.0 = Debug|Win32
		{B1C2D3E4-F5A6-47B8-9C0D-1E2F3A4B5C6D}.Release|ARM.ActiveCfg = Release|ARM
		{B1C2D3E4-F5A6-47B8-9C0D-1E2F3A4B5C6D}.Release|ARM.Build.0 = Release|ARM
		{B1C2D3E4-F5A6-47B8-9C0D-1E2F3A4B5C6D}.Release|x86.ActiveCfg = Release|Win32
		{B1C2D3E4-F5A6-47B8-9C0D-1E2F3A4B5C6D}.Release|x86.Build.0 = Release|Win32
		{8AAE0001-0000-0000-0000-000000000001}.Debug|ARM.ActiveCfg = Debug|ARM
		{8AAE0001-0000-0000-0000-000000000001}.Debug|ARM.Build.0 = Debug|ARM
		{8AAE0001-0000-0000-0000-000000000001}.Debug|x86.ActiveCfg = Debug|x86
		{8AAE0001-0000-0000-0000-000000000001}.Debug|x86.Build.0 = Debug|x86
		{8AAE0001-0000-0000-0000-000000000001}.Release|ARM.ActiveCfg = Release|ARM
		{8AAE0001-0000-0000-0000-000000000001}.Release|ARM.Build.0 = Release|ARM
		{8AAE0001-0000-0000-0000-000000000001}.Release|x86.ActiveCfg = Release|x86
		{8AAE0001-0000-0000-0000-000000000001}.Release|x86.Build.0 = Release|x86
		{E1F2A3B4-C5D6-4E7F-8901-A2B3C4D5E6F0}.Debug|ARM.ActiveCfg = Debug|ARM
		{E1F2A3B4-C5D6-4E7F-8901-A2B3C4D5E6F0}.Debug|ARM.Build.0 = Debug|ARM
		{E1F2A3B4-C5D6-4E7F-8901-A2B3C4D5E6F0}.Debug|x86.ActiveCfg = Debug|x86
		{E1F2A3B4-C5D6-4E7F-8901-A2B3C4D5E6F0}.Debug|x86.Build.0 = Debug|x86
		{E1F2A3B4-C5D6-4E7F-8901-A2B3C4D5E6F0}.Release|ARM.ActiveCfg = Release|ARM
		{E1F2A3B4-C5D6-4E7F-8901-A2B3C4D5E6F0}.Release|ARM.Build.0 = Release|ARM
		{E1F2A3B4-C5D6-4E7F-8901-A2B3C4D5E6F0}.Release|x86.ActiveCfg = Release|x86
		{E1F2A3B4-C5D6-4E7F-8901-A2B3C4D5E6F0}.Release|x86.Build.0 = Release|x86
		{F1A2B3C4-D5E6-4F70-8901-A2B3C4D5E6F1}.Debug|ARM.ActiveCfg = Debug|ARM
		{F1A2B3C4-D5E6-4F70-8901-A2B3C4D5E6F1}.Debug|ARM.Build.0 = Debug|ARM
		{F1A2B3C4-D5E6-4F70-8901-A2B3C4D5E6F1}.Debug|ARM.Deploy.0 = Debug|ARM
		{F1A2B3C4-D5E6-4F70-8901-A2B3C4D5E6F1}.Debug|x86.ActiveCfg = Debug|x86
		{F1A2B3C4-D5E6-4F70-8901-A2B3C4D5E6F1}.Debug|x86.Build.0 = Debug|x86
		{F1A2B3C4-D5E6-4F70-8901-A2B3C4D5E6F1}.Debug|x86.Deploy.0 = Debug|x86
		{F1A2B3C4-D5E6-4F70-8901-A2B3C4D5E6F1}.Release|ARM.ActiveCfg = Release|ARM
		{F1A2B3C4-D5E6-4F70-8901-A2B3C4D5E6F1}.Release|ARM.Build.0 = Release|ARM
		{F1A2B3C4-D5E6-4F70-8901-A2B3C4D5E6F1}.Release|ARM.Deploy.0 = Release|ARM
		{F1A2B3C4-D5E6-4F70-8901-A2B3C4D5E6F1}.Release|x86.ActiveCfg = Release|x86
		{F1A2B3C4-D5E6-4F70-8901-A2B3C4D5E6F1}.Release|x86.Build.0 = Release|x86
		{F1A2B3C4-D5E6-4F70-8901-A2B3C4D5E6F1}.Release|x86.Deploy.0 = Release|x86
		{B1C2D3E4-F5A6-4B7C-8D90-E1F2A3B4C5D6}.Debug|ARM.ActiveCfg = Debug|ARM
		{B1C2D3E4-F5A6-4B7C-8D90-E1F2A3B4C5D6}.Debug|ARM.Build.0 = Debug|ARM
		{B1C2D3E4-F5A6-4B7C-8D90-E1F2A3B4C5D6}.Debug|x86.ActiveCfg = Debug|x86
		{B1C2D3E4-F5A6-4B7C-8D90-E1F2A3B4C5D6}.Debug|x86.Build.0 = Debug|x86
		{B1C2D3E4-F5A6-4B7C-8D90-E1F2A3B4C5D6}.Release|ARM.ActiveCfg = Release|ARM
		{B1C2D3E4-F5A6-4B7C-8D90-E1F2A3B4C5D6}.Release|ARM.Build.0 = Release|ARM
		{B1C2D3E4-F5A6-4B7C-8D90-E1F2A3B4C5D6}.Release|x86.ActiveCfg = Release|x86
		{B1C2D3E4-F5A6-4B7C-8D90-E1F2A3B4C5D6}.Release|x86.Build.0 = Release|x86
		{B2C3D4E5-F6A7-4B8C-9D01-E2F3A4B5C6D7}.Debug|ARM.ActiveCfg = Debug|ARM
		{B2C3D4E5-F6A7-4B8C-9D01-E2F3A4B5C6D7}.Debug|ARM.Build.0 = Debug|ARM
		{B2C3D4E5-F6A7-4B8C-9D01-E2F3A4B5C6D7}.Debug|x86.ActiveCfg = Debug|x86
		{B2C3D4E5-F6A7-4B8C-9D01-E2F3A4B5C6D7}.Debug|x86.Build.0 = Debug|x86
		{B2C3D4E5-F6A7-4B8C-9D01-E2F3A4B5C6D7}.Release|ARM.ActiveCfg = Release|ARM
		{B2C3D4E5-F6A7-4B8C-9D01-E2F3A4B5C6D7}.Release|ARM.Build.0 = Release|ARM
		{B2C3D4E5-F6A7-4B8C-9D01-E2F3A4B5C6D7}.Release|x86.ActiveCfg = Release|x86
		{B2C3D4E5-F6A7-4B8C-9D01-E2F3A4B5C6D7}.Release|x86.Build.0 = Release|x86
		{B3C4D5E6-F7A8-4B9C-AD01-E3F4A5B6C7D8}.Debug|ARM.ActiveCfg = Debug|ARM
		{B3C4D5E6-F7A8-4B9C-AD01-E3F4A5B6C7D8}.Debug|ARM.Build.0 = Debug|ARM
		{B3C4D5E6-F7A8-4B9C-AD01-E3F4A5B6C7D8}.Debug|x86.ActiveCfg = Debug|x86
		{B3C4D5E6-F7A8-4B9C-AD01-E3F4A5B6C7D8}.Debug|x86.Build.0 = Debug|x86
		{B3C4D5E6-F7A8-4B9C-AD01-E3F4A5B6C7D8}.Release|ARM.ActiveCfg = Release|ARM
		{B3C4D5E6-F7A8-4B9C-AD01-E3F4A5B6C7D8}.Release|ARM.Build.0 = Release|ARM
		{B3C4D5E6-F7A8-4B9C-AD01-E3F4A5B6C7D8}.Release|x86.ActiveCfg = Release|x86
		{B3C4D5E6-F7A8-4B9C-AD01-E3F4A5B6C7D8}.Release|x86.Build.0 = Release|x86
		{B4C5D6E7-F8A9-4BAC-BE01-E4F5A6B7C8D9}.Debug|ARM.ActiveCfg = Debug|ARM
		{B4C5D6E7-F8A9-4BAC-BE01-E4F5A6B7C8D9}.Debug|ARM.Build.0 = Debug|ARM
		{B4C5D6E7-F8A9-4BAC-BE01-E4F5A6B7C8D9}.Debug|x86.ActiveCfg = Debug|x86
		{B4C5D6E7-F8A9-4BAC-BE01-E4F5A6B7C8D9}.Debug|x86.Build.0 = Debug|x86
		{B4C5D6E7-F8A9-4BAC-BE01-E4F5A6B7C8D9}.Release|ARM.ActiveCfg = Release|ARM
		{B4C5D6E7-F8A9-4BAC-BE01-E4F5A6B7C8D9}.Release|ARM.Build.0 = Release|ARM
		{B4C5D6E7-F8A9-4BAC-BE01-E4F5A6B7C8D9}.Release|x86.ActiveCfg = Release|x86
		{B4C5D6E7-F8A9-4BAC-BE01-E4F5A6B7C8D9}.Release|x86.Build.0 = Release|x86
		{B5C6D7E8-F9AA-4BBD-CF01-E5F6A7B8C9DA}.Debug|ARM.ActiveCfg = Debug|ARM
		{B5C6D7E8-F9AA-4BBD-CF01-E5F6A7B8C9DA}.Debug|ARM.Build.0 = Debug|ARM
		{B5C6D7E8-F9AA-4BBD-CF01-E5F6A7B8C9DA}.Debug|x86.ActiveCfg = Debug|x86
		{B5C6D7E8-F9AA-4BBD-CF01-E5F6A7B8C9DA}.Debug|x86.Build.0 = Debug|x86
		{B5C6D7E8-F9AA-4BBD-CF01-E5F6A7B8C9DA}.Release|ARM.ActiveCfg = Release|ARM
		{B5C6D7E8-F9AA-4BBD-CF01-E5F6A7B8C9DA}.Release|ARM.Build.0 = Release|ARM
		{B5C6D7E8-F9AA-4BBD-CF01-E5F6A7B8C9DA}.Release|x86.ActiveCfg = Release|x86
		{B5C6D7E8-F9AA-4BBD-CF01-E5F6A7B8C9DA}.Release|x86.Build.0 = Release|x86
		{C1D2E3F4-A5B6-4C7D-AE01-F1A2B3C4D5E6}.Debug|ARM.ActiveCfg = Debug|ARM
		{C1D2E3F4-A5B6-4C7D-AE01-F1A2B3C4D5E6}.Debug|ARM.Build.0 = Debug|ARM
		{C1D2E3F4-A5B6-4C7D-AE01-F1A2B3C4D5E6}.Debug|ARM.Deploy.0 = Debug|ARM
		{C1D2E3F4-A5B6-4C7D-AE01-F1A2B3C4D5E6}.Debug|x86.ActiveCfg = Debug|x86
		{C1D2E3F4-A5B6-4C7D-AE01-F1A2B3C4D5E6}.Debug|x86.Build.0 = Debug|x86
		{C1D2E3F4-A5B6-4C7D-AE01-F1A2B3C4D5E6}.Debug|x86.Deploy.0 = Debug|x86
		{C1D2E3F4-A5B6-4C7D-AE01-F1A2B3C4D5E6}.Release|ARM.ActiveCfg = Release|ARM
		{C1D2E3F4-A5B6-4C7D-AE01-F1A2B3C4D5E6}.Release|ARM.Build.0 = Release|ARM
		{C1D2E3F4-A5B6-4C7D-AE01-F1A2B3C4D5E6}.Release|ARM.Deploy.0 = Release|ARM
		{C1D2E3F4-A5B6-4C7D-AE01-F1A2B3C4D5E6}.Release|x86.ActiveCfg = Release|x86
		{C1D2E3F4-A5B6-4C7D-AE01-F1A2B3C4D5E6}.Release|x86.Build.0 = Release|x86
		{C1D2E3F4-A5B6-4C7D-AE01-F1A2B3C4D5E6}.Release|x86.Deploy.0 = Release|x86
		{D1A2B3C4-E5F6-4789-A012-B3C4D5E6F701}.Debug|ARM.ActiveCfg = Debug|ARM
		{D1A2B3C4-E5F6-4789-A012-B3C4D5E6F701}.Debug|ARM.Build.0 = Debug|ARM
		{D1A2B3C4-E5F6-4789-A012-B3C4D5E6F701}.Debug|x86.ActiveCfg = Debug|x86
		{D1A2B3C4-E5F6-4789-A012-B3C4D5E6F701}.Debug|x86.Build.0 = Debug|x86
		{D1A2B3C4-E5F6-4789-A012-B3C4D5E6F701}.Release|ARM.ActiveCfg = Release|ARM
		{D1A2B3C4-E5F6-4789-A012-B3C4D5E6F701}.Release|ARM.Build.0 = Release|ARM
		{D1A2B3C4-E5F6-4789-A012-B3C4D5E6F701}.Release|x86.ActiveCfg = Release|x86
		{D1A2B3C4-E5F6-4789-A012-B3C4D5E6F701}.Release|x86.Build.0 = Release|x86
		{B6C7D8E9-FAAB-4CCD-DF02-F6A7B8C9DAEB}.Debug|ARM.ActiveCfg = Debug|ARM
		{B6C7D8E9-FAAB-4CCD-DF02-F6A7B8C9DAEB}.Debug|ARM.Build.0 = Debug|ARM
		{B6C7D8E9-FAAB-4CCD-DF02-F6A7B8C9DAEB}.Debug|x86.ActiveCfg = Debug|x86
		{B6C7D8E9-FAAB-4CCD-DF02-F6A7B8C9DAEB}.Debug|x86.Build.0 = Debug|x86
		{B6C7D8E9-FAAB-4CCD-DF02-F6A7B8C9DAEB}.Release|ARM.ActiveCfg = Release|ARM
		{B6C7D8E9-FAAB-4CCD-DF02-F6A7B8C9DAEB}.Release|ARM.Build.0 = Release|ARM
		{B6C7D8E9-FAAB-4CCD-DF02-F6A7B8C9DAEB}.Release|x86.ActiveCfg = Release|x86
		{B6C7D8E9-FAAB-4CCD-DF02-F6A7B8C9DAEB}.Release|x86.Build.0 = Release|x86
		{B7C8D9EA-FBAC-4DDE-EF03-A7B8C9DAEBFC}.Debug|ARM.ActiveCfg = Debug|ARM
		{B7C8D9EA-FBAC-4DDE-EF03-A7B8C9DAEBFC}.Debug|ARM.Build.0 = Debug|ARM
		{B7C8D9EA-FBAC-4DDE-EF03-A7B8C9DAEBFC}.Debug|x86.ActiveCfg = Debug|x86
		{B7C8D9EA-FBAC-4DDE-EF03-A7B8C9DAEBFC}.Debug|x86.Build.0 = Debug|x86
		{B7C8D9EA-FBAC-4DDE-EF03-A7B8C9DAEBFC}.Release|ARM.ActiveCfg = Release|ARM
		{B7C8D9EA-FBAC-4DDE-EF03-A7B8C9DAEBFC}.Release|ARM.Build.0 = Release|ARM
		{B7C8D9EA-FBAC-4DDE-EF03-A7B8C9DAEBFC}.Release|x86.ActiveCfg = Release|x86
		{B7C8D9EA-FBAC-4DDE-EF03-A7B8C9DAEBFC}.Release|x86.Build.0 = Release|x86
		{D4E5F6A7-B8C9-4DAE-AF12-B4C5D6E7F8AA}.Debug|ARM.ActiveCfg = Debug|ARM
		{D4E5F6A7-B8C9-4DAE-AF12-B4C5D6E7F8AA}.Debug|ARM.Build.0 = Debug|ARM
		{D4E5F6A7-B8C9-4DAE-AF12-B4C5D6E7F8AA}.Debug|x86.ActiveCfg = Debug|Win32
		{D4E5F6A7-B8C9-4DAE-AF12-B4C5D6E7F8AA}.Debug|x86.Build.0 = Debug|Win32
		{D4E5F6A7-B8C9-4DAE-AF12-B4C5D6E7F8AA}.Release|ARM.ActiveCfg = Release|ARM
		{D4E5F6A7-B8C9-4DAE-AF12-B4C5D6E7F8AA}.Release|ARM.Build.0 = Release|ARM
		{D4E5F6A7-B8C9-4DAE-AF12-B4C5D6E7F8AA}.Release|x86.ActiveCfg = Release|Win32
		{D4E5F6A7-B8C9-4DAE-AF12-B4C5D6E7F8AA}.Release|x86.Build.0 = Release|Win32
		{B8C9D0EB-0BBD-4EEF-F004-B8C9DAEBFCAD}.Debug|ARM.ActiveCfg = Debug|ARM
		{B8C9D0EB-0BBD-4EEF-F004-B8C9DAEBFCAD}.Debug|ARM.Build.0 = Debug|ARM
		{B8C9D0EB-0BBD-4EEF-F004-B8C9DAEBFCAD}.Debug|x86.ActiveCfg = Debug|x86
		{B8C9D0EB-0BBD-4EEF-F004-B8C9DAEBFCAD}.Debug|x86.Build.0 = Debug|x86
		{B8C9D0EB-0BBD-4EEF-F004-B8C9DAEBFCAD}.Release|ARM.ActiveCfg = Release|ARM
		{B8C9D0EB-0BBD-4EEF-F004-B8C9DAEBFCAD}.Release|ARM.Build.0 = Release|ARM
		{B8C9D0EB-0BBD-4EEF-F004-B8C9DAEBFCAD}.Release|x86.ActiveCfg = Release|x86
		{B8C9D0EB-0BBD-4EEF-F004-B8C9DAEBFCAD}.Release|x86.Build.0 = Release|x86
		{B9CAD1EC-1CCE-4FFA-A005-C9DAEBFCADBE}.Debug|ARM.ActiveCfg = Debug|ARM
		{B9CAD1EC-1CCE-4FFA-A005-C9DAEBFCADBE}.Debug|ARM.Build.0 = Debug|ARM
		{B9CAD1EC-1CCE-4FFA-A005-C9DAEBFCADBE}.Debug|x86.ActiveCfg = Debug|x86
		{B9CAD1EC-1CCE-4FFA-A005-C9DAEBFCADBE}.Debug|x86.Build.0 = Debug|x86
		{B9CAD1EC-1CCE-4FFA-A005-C9DAEBFCADBE}.Release|ARM.ActiveCfg = Release|ARM
		{B9CAD1EC-1CCE-4FFA-A005-C9DAEBFCADBE}.Release|ARM.Build.0 = Release|ARM
		{B9CAD1EC-1CCE-4FFA-A005-C9DAEBFCADBE}.Release|x86.ActiveCfg = Release|x86
		{B9CAD1EC-1CCE-4FFA-A005-C9DAEBFCADBE}.Release|x86.Build.0 = Release|x86
		{BACBE2ED-2DDF-4FFB-B106-DAEBFCADBECF}.Debug|ARM.ActiveCfg = Debug|ARM
		{BACBE2ED-2DDF-4FFB-B106-DAEBFCADBECF}.Debug|ARM.Build.0 = Debug|ARM
		{BACBE2ED-2DDF-4FFB-B106-DAEBFCADBECF}.Debug|x86.ActiveCfg = Debug|x86
		{BACBE2ED-2DDF-4FFB-B106-DAEBFCADBECF}.Debug|x86.Build.0 = Debug|x86
		{BACBE2ED-2DDF-4FFB-B106-DAEBFCADBECF}.Release|ARM.ActiveCfg = Release|ARM
		{BACBE2ED-2DDF-4FFB-B106-DAEBFCADBECF}.Release|ARM.Build.0 = Release|ARM
		{BACBE2ED-2DDF-4FFB-B106-DAEBFCADBECF}.Release|x86.ActiveCfg = Release|x86
		{BACBE2ED-2DDF-4FFB-B106-DAEBFCADBECF}.Release|x86.Build.0 = Release|x86
		{C0DBE2FE-3EE0-4F0C-C107-EBFCADBECFD0}.Debug|ARM.ActiveCfg = Debug|ARM
		{C0DBE2FE-3EE0-4F0C-C107-EBFCADBECFD0}.Debug|ARM.Build.0 = Debug|ARM
		{C0DBE2FE-3EE0-4F0C-C107-EBFCADBECFD0}.Debug|x86.ActiveCfg = Debug|x86
		{C0DBE2FE-3EE0-4F0C-C107-EBFCADBECFD0}.Debug|x86.Build.0 = Debug|x86
		{C0DBE2FE-3EE0-4F0C-C107-EBFCADBECFD0}.Release|ARM.ActiveCfg = Release|ARM
		{C0DBE2FE-3EE0-4F0C-C107-EBFCADBECFD0}.Release|ARM.Build.0 = Release|ARM
		{C0DBE2FE-3EE0-4F0C-C107-EBFCADBECFD0}.Release|x86.ActiveCfg = Release|x86
		{C0DBE2FE-3EE0-4F0C-C107-EBFCADBECFD0}.Release|x86.Build.0 = Release|x86
		{C1DCF300-4FF1-4F1D-D208-FCADBECFD0E1}.Debug|ARM.ActiveCfg = Debug|ARM
		{C1DCF300-4FF1-4F1D-D208-FCADBECFD0E1}.Debug|ARM.Build.0 = Debug|ARM
		{C1DCF300-4FF1-4F1D-D208-FCADBECFD0E1}.Debug|x86.ActiveCfg = Debug|x86
		{C1DCF300-4FF1-4F1D-D208-FCADBECFD0E1}.Debug|x86.Build.0 = Debug|x86
		{C1DCF300-4FF1-4F1D-D208-FCADBECFD0E1}.Release|ARM.ActiveCfg = Release|ARM
		{C1DCF300-4FF1-4F1D-D208-FCADBECFD0E1}.Release|ARM.Build.0 = Release|ARM
		{C1DCF300-4FF1-4F1D-D208-FCADBECFD0E1}.Release|x86.ActiveCfg = Release|x86
		{C1DCF300-4FF1-4F1D-D208-FCADBECFD0E1}.Release|x86.Build.0 = Release|x86
		{C2EDF411-50F2-4F2E-E309-CADBECFD0E1F}.Debug|ARM.ActiveCfg = Debug|ARM
		{C2EDF411-50F2-4F2E-E309-CADBECFD0E1F}.Debug|ARM.Build.0 = Debug|ARM
		{C2EDF411-50F2-4F2E-E309-CADBECFD0E1F}.Debug|x86.ActiveCfg = Debug|x86
		{C2EDF411-50F2-4F2E-E309-CADBECFD0E1F}.Debug|x86.Build.0 = Debug|x86
		{C2EDF411-50F2-4F2E-E309-CADBECFD0E1F}.Release|ARM.ActiveCfg = Release|ARM
		{C2EDF411-50F2-4F2E-E309-CADBECFD0E1F}.Release|ARM.Build.0 = Release|ARM
		{C2EDF411-50F2-4F2E-E309-CADBECFD0E1F}.Release|x86.ActiveCfg = Release|x86
		{C2EDF411-50F2-4F2E-E309-CADBECFD0E1F}.Release|x86.Build.0 = Release|x86
		{C3FE0522-61F3-4F3F-F40A-DBECFD0E1F20}.Debug|ARM.ActiveCfg = Debug|ARM
		{C3FE0522-61F3-4F3F-F40A-DBECFD0E1F20}.Debug|ARM.Build.0 = Debug|ARM
		{C3FE0522-61F3-4F3F-F40A-DBECFD0E1F20}.Debug|x86.ActiveCfg = Debug|x86
		{C3FE0522-61F3-4F3F-F40A-DBECFD0E1F20}.Debug|x86.Build.0 = Debug|x86
		{C3FE0522-61F3-4F3F-F40A-DBECFD0E1F20}.Release|ARM.ActiveCfg = Release|ARM
		{C3FE0522-61F3-4F3F-F40A-DBECFD0E1F20}.Release|ARM.Build.0 = Release|ARM
		{C3FE0522-61F3-4F3F-F40A-DBECFD0E1F20}.Release|x86.ActiveCfg = Release|x86
		{C3FE0522-61F3-4F3F-F40A-DBECFD0E1F20}.Release|x86.Build.0 = Release|x86
	EndGlobalSection
	GlobalSection(SolutionProperties) = preSolution
		HideSolutionNode = FALSE
	EndGlobalSection
	GlobalSection(NestedProjects) = preSolution
		{A0000003-0000-0000-0000-000000000003} = {A0000002-0000-0000-0000-000000000002}
		{A0000004-0000-0000-0000-000000000004} = {A0000002-0000-0000-0000-000000000002}
		{C9D0E1F2-A3B4-4C5D-6E7F-8A9B0C1D2E3F} = {7E0E6C20-7D3A-4B5A-93FB-1D5B59C1A100}
		{B8C9D0E1-F2A3-4B4C-5D6E-7F8A9B0C1D2E} = {7E0E6C20-7D3A-4B5A-93FB-1D5B59C1A100}
		{F6A7B8C9-D0E1-4F2A-3B4C-5D6E7F8A9B0C} = {7E0E6C20-7D3A-4B5A-93FB-1D5B59C1A100}
		{C7D8E9F0-A1B2-4C3D-5E6F-7A8B9C0D1E2F} = {7E0E6C20-7D3A-4B5A-93FB-1D5B59C1A100}
		{9A1B2C3D-0001-4001-8000-000000000001} = {A0000003-0000-0000-0000-000000000003}
		{9A1B2C3D-0002-4002-8000-000000000002} = {A0000003-0000-0000-0000-000000000003}
		{D3E4F5A6-B7C8-4D9E-9F01-A3B4C5D6E7F8} = {7E0E6C20-7D3A-4B5A-93FB-1D5B59C1A100}
		{D2E3F4A5-B6C7-4D8E-9F01-A2B3C4D5E6F7} = {7E0E6C20-7D3A-4B5A-93FB-1D5B59C1A100}
		{E5F6A7B8-C9DA-4DBE-9F24-D6E7F8A9BBC1} = {7E0E6C20-7D3A-4B5A-93FB-1D5B59C1A100}
		{F7A8B9C0-D1E2-4F3A-9B0C-1D2E3F4A5B6C} = {7E0E6C20-7D3A-4B5A-93FB-1D5B59C1A100}
		{D6E7F8A9-B0CB-4ECF-D034-E7F8A9BBCC1D} = {7E0E6C20-7D3A-4B5A-93FB-1D5B59C1A100}
		{D1E2F3A4-B5C6-4D7E-8F9A-0B1C2D3E4F5A} = {7E0E6C20-7D3A-4B5A-93FB-1D5B59C1A100}
		{C8D9E0F1-A2B3-4C4D-5E6F-7A8B9C0D1E2F} = {7E0E6C20-7D3A-4B5A-93FB-1D5B59C1A100}
		{B1C2D3E4-F5A6-47B8-9C0D-1E2F3A4B5C6D} = {7E0E6C20-7D3A-4B5A-93FB-1D5B59C1A100}
		{8AAE0001-0000-0000-0000-000000000001} = {A0000003-0000-0000-0000-000000000003}
		{E1F2A3B4-C5D6-4E7F-8901-A2B3C4D5E6F0} = {A0000001-0000-0000-0000-000000000001}
		{F1A2B3C4-D5E6-4F70-8901-A2B3C4D5E6F1} = {A0000001-0000-0000-0000-000000000001}
		{B1C2D3E4-F5A6-4B7C-8D90-E1F2A3B4C5D6} = {A0000004-0000-0000-0000-000000000004}
		{B2C3D4E5-F6A7-4B8C-9D01-E2F3A4B5C6D7} = {A0000004-0000-0000-0000-000000000004}
		{B3C4D5E6-F7A8-4B9C-AD01-E3F4A5B6C7D8} = {A0000004-0000-0000-0000-000000000004}
		{B4C5D6E7-F8A9-4BAC-BE01-E4F5A6B7C8D9} = {A0000004-0000-0000-0000-000000000004}
		{B5C6D7E8-F9AA-4BBD-CF01-E5F6A7B8C9DA} = {A0000003-0000-0000-0000-000000000003}
		{C1D2E3F4-A5B6-4C7D-AE01-F1A2B3C4D5E6} = {A0000001-0000-0000-0000-000000000001}
		{B6C7D8E9-FAAB-4CCD-DF02-F6A7B8C9DAEB} = {A0000004-0000-0000-0000-000000000004}
		{B7C8D9EA-FBAC-4DDE-EF03-A7B8C9DAEBFC} = {A0000004-0000-0000-0000-000000000004}
		{D4E5F6A7-B8C9-4DAE-AF12-B4C5D6E7F8AA} = {7E0E6C20-7D3A-4B5A-93FB-1D5B59C1A100}
		{B8C9D0EB-0BBD-4EEF-F004-B8C9DAEBFCAD} = {A0000004-0000-0000-0000-000000000004}
		{B9CAD1EC-1CCE-4FFA-A005-C9DAEBFCADBE} = {A0000004-0000-0000-0000-000000000004}
		{BACBE2ED-2DDF-4FFB-B106-DAEBFCADBECF} = {A0000004-0000-0000-0000-000000000004}
		{C0DBE2FE-3EE0-4F0C-C107-EBFCADBECFD0} = {A0000004-0000-0000-0000-000000000004}
		{C1DCF300-4FF1-4F1D-D208-FCADBECFD0E1} = {A0000004-0000-0000-0000-000000000004}
		{C2EDF411-50F2-4F2E-E309-CADBECFD0E1F} = {A0000004-0000-0000-0000-000000000004}
		{C3FE0522-61F3-4F3F-F40A-DBECFD0E1F20} = {A0000004-0000-0000-0000-000000000004}
	EndGlobalSection
EndGlobal
